// !$*UTF8*$!
{
	archiveVersion = 1;
	classes = {
	};
	objectVersion = 48;
	objects = {

/* Begin PBXBuildFile section */
		5B18861B201E3BEE00CC7669 /* Localizable.strings in Resources */ = {isa = PBXBuildFile; fileRef = 5B18861D201E3BEE00CC7669 /* Localizable.strings */; };
		5B34DFF32076995300661C25 /* TextField.swift in Sources */ = {isa = PBXBuildFile; fileRef = 5B34DFF22076995300661C25 /* TextField.swift */; };
		5B34DFF520769AF500661C25 /* TitleTextField.swift in Sources */ = {isa = PBXBuildFile; fileRef = 5B34DFF420769AF500661C25 /* TitleTextField.swift */; };
		5B34DFF720769C4900661C25 /* DateTimeTextField.swift in Sources */ = {isa = PBXBuildFile; fileRef = 5B34DFF620769C4900661C25 /* DateTimeTextField.swift */; };
		5B4C821920275D84008A4C96 /* IntroViewController.swift in Sources */ = {isa = PBXBuildFile; fileRef = 5B4C821820275D84008A4C96 /* IntroViewController.swift */; };
		5B4C821D2028C633008A4C96 /* DefaultButton.swift in Sources */ = {isa = PBXBuildFile; fileRef = 5B4C821C2028C633008A4C96 /* DefaultButton.swift */; };
		5B61547620237BC100F65E5B /* LayoutHandler.swift in Sources */ = {isa = PBXBuildFile; fileRef = 5B61547520237BC100F65E5B /* LayoutHandler.swift */; };
		5B84F8D120541270000A46E7 /* BackButton.swift in Sources */ = {isa = PBXBuildFile; fileRef = 5B84F8D020541270000A46E7 /* BackButton.swift */; };
		5B85E0EF203AE359002AC7E2 /* ReminderListHandler.swift in Sources */ = {isa = PBXBuildFile; fileRef = 5B85E0EE203AE359002AC7E2 /* ReminderListHandler.swift */; };
		5B8FC0E82074F9B90066ACEF /* AlertHandler.swift in Sources */ = {isa = PBXBuildFile; fileRef = 5B8FC0E72074F9B90066ACEF /* AlertHandler.swift */; };
		5BB187D21FB87A6000AB3ABA /* AppDelegate.swift in Sources */ = {isa = PBXBuildFile; fileRef = 5BB187D11FB87A6000AB3ABA /* AppDelegate.swift */; };
		5BB187D91FB87A6000AB3ABA /* Assets.xcassets in Resources */ = {isa = PBXBuildFile; fileRef = 5BB187D81FB87A6000AB3ABA /* Assets.xcassets */; };
		5BB187DC1FB87A6000AB3ABA /* LaunchScreen.storyboard in Resources */ = {isa = PBXBuildFile; fileRef = 5BB187DA1FB87A6000AB3ABA /* LaunchScreen.storyboard */; };
		5BB187E41FBCD2E300AB3ABA /* AboutViewController.swift in Sources */ = {isa = PBXBuildFile; fileRef = 5BB187E31FBCD2E300AB3ABA /* AboutViewController.swift */; };
		5BB7A7662013E25C00EF2A54 /* SettingsViewController.swift in Sources */ = {isa = PBXBuildFile; fileRef = 5BB7A7652013E25C00EF2A54 /* SettingsViewController.swift */; };
		5BB7A76A2014BEDB00EF2A54 /* AdvancedTaskViewController.swift in Sources */ = {isa = PBXBuildFile; fileRef = 5BB7A7692014BEDB00EF2A54 /* AdvancedTaskViewController.swift */; };
		5BB7A76C201518CE00EF2A54 /* TextInputHandler.swift in Sources */ = {isa = PBXBuildFile; fileRef = 5BB7A76B201518CE00EF2A54 /* TextInputHandler.swift */; };
		5BB7A76E2016527200EF2A54 /* DateTimeHandler.swift in Sources */ = {isa = PBXBuildFile; fileRef = 5BB7A76D2016527200EF2A54 /* DateTimeHandler.swift */; };
		5BC04B1620533FCF006B705D /* TemplatePageViewController.swift in Sources */ = {isa = PBXBuildFile; fileRef = 5BC04B1520533FCF006B705D /* TemplatePageViewController.swift */; };
		5BE6EF30200B676700AE14F2 /* TemplateViewController.swift in Sources */ = {isa = PBXBuildFile; fileRef = 5BE6EF2F200B676700AE14F2 /* TemplateViewController.swift */; };
		5BE859C92030624900D1C8EC /* AnimationHandler.swift in Sources */ = {isa = PBXBuildFile; fileRef = 5BE859C82030624900D1C8EC /* AnimationHandler.swift */; };
		5BFB4C922074B910009A3620 /* InputToolbar.swift in Sources */ = {isa = PBXBuildFile; fileRef = 5BFB4C912074B910009A3620 /* InputToolbar.swift */; };
/* End PBXBuildFile section */

/* Begin PBXFileReference section */
		5B18861C201E3BEE00CC7669 /* en */ = {isa = PBXFileReference; lastKnownFileType = text.plist.strings; name = en; path = en.lproj/Localizable.strings; sourceTree = "<group>"; };
		5B18861F201E3C3100CC7669 /* de */ = {isa = PBXFileReference; lastKnownFileType = text.plist.strings; name = de; path = de.lproj/Localizable.strings; sourceTree = "<group>"; };
		5B34DFF22076995300661C25 /* TextField.swift */ = {isa = PBXFileReference; lastKnownFileType = sourcecode.swift; path = TextField.swift; sourceTree = "<group>"; };
		5B34DFF420769AF500661C25 /* TitleTextField.swift */ = {isa = PBXFileReference; lastKnownFileType = sourcecode.swift; path = TitleTextField.swift; sourceTree = "<group>"; };
		5B34DFF620769C4900661C25 /* DateTimeTextField.swift */ = {isa = PBXFileReference; lastKnownFileType = sourcecode.swift; path = DateTimeTextField.swift; sourceTree = "<group>"; };
		5B4C821820275D84008A4C96 /* IntroViewController.swift */ = {isa = PBXFileReference; lastKnownFileType = sourcecode.swift; path = IntroViewController.swift; sourceTree = "<group>"; };
		5B4C821C2028C633008A4C96 /* DefaultButton.swift */ = {isa = PBXFileReference; lastKnownFileType = sourcecode.swift; name = DefaultButton.swift; path = Longpops/Model/DefaultButton.swift; sourceTree = SOURCE_ROOT; };
		5B61547520237BC100F65E5B /* LayoutHandler.swift */ = {isa = PBXFileReference; lastKnownFileType = sourcecode.swift; name = LayoutHandler.swift; path = Longpops/Handler/LayoutHandler.swift; sourceTree = SOURCE_ROOT; };
		5B84F8D020541270000A46E7 /* BackButton.swift */ = {isa = PBXFileReference; lastKnownFileType = sourcecode.swift; path = BackButton.swift; sourceTree = "<group>"; };
		5B85E0EE203AE359002AC7E2 /* ReminderListHandler.swift */ = {isa = PBXFileReference; lastKnownFileType = sourcecode.swift; path = ReminderListHandler.swift; sourceTree = "<group>"; };
		5B8FC0E72074F9B90066ACEF /* AlertHandler.swift */ = {isa = PBXFileReference; lastKnownFileType = sourcecode.swift; path = AlertHandler.swift; sourceTree = "<group>"; };
		5BB187CE1FB87A6000AB3ABA /* Longpops.app */ = {isa = PBXFileReference; explicitFileType = wrapper.application; includeInIndex = 0; path = Longpops.app; sourceTree = BUILT_PRODUCTS_DIR; };
		5BB187D11FB87A6000AB3ABA /* AppDelegate.swift */ = {isa = PBXFileReference; lastKnownFileType = sourcecode.swift; path = AppDelegate.swift; sourceTree = "<group>"; };
		5BB187D81FB87A6000AB3ABA /* Assets.xcassets */ = {isa = PBXFileReference; lastKnownFileType = folder.assetcatalog; path = Assets.xcassets; sourceTree = "<group>"; };
		5BB187DB1FB87A6000AB3ABA /* Base */ = {isa = PBXFileReference; lastKnownFileType = file.storyboard; name = Base; path = Base.lproj/LaunchScreen.storyboard; sourceTree = "<group>"; };
		5BB187DD1FB87A6000AB3ABA /* Info.plist */ = {isa = PBXFileReference; lastKnownFileType = text.plist.xml; path = Info.plist; sourceTree = "<group>"; };
		5BB187E31FBCD2E300AB3ABA /* AboutViewController.swift */ = {isa = PBXFileReference; lastKnownFileType = sourcecode.swift; path = AboutViewController.swift; sourceTree = "<group>"; };
		5BB7A7652013E25C00EF2A54 /* SettingsViewController.swift */ = {isa = PBXFileReference; lastKnownFileType = sourcecode.swift; path = SettingsViewController.swift; sourceTree = "<group>"; };
		5BB7A7692014BEDB00EF2A54 /* AdvancedTaskViewController.swift */ = {isa = PBXFileReference; lastKnownFileType = sourcecode.swift; path = AdvancedTaskViewController.swift; sourceTree = "<group>"; };
		5BB7A76B201518CE00EF2A54 /* TextInputHandler.swift */ = {isa = PBXFileReference; lastKnownFileType = sourcecode.swift; name = TextInputHandler.swift; path = Longpops/Handler/TextInputHandler.swift; sourceTree = SOURCE_ROOT; };
		5BB7A76D2016527200EF2A54 /* DateTimeHandler.swift */ = {isa = PBXFileReference; lastKnownFileType = sourcecode.swift; name = DateTimeHandler.swift; path = Longpops/Handler/DateTimeHandler.swift; sourceTree = SOURCE_ROOT; };
		5BC04B1520533FCF006B705D /* TemplatePageViewController.swift */ = {isa = PBXFileReference; lastKnownFileType = sourcecode.swift; path = TemplatePageViewController.swift; sourceTree = "<group>"; };
		5BE6EF2F200B676700AE14F2 /* TemplateViewController.swift */ = {isa = PBXFileReference; lastKnownFileType = sourcecode.swift; path = TemplateViewController.swift; sourceTree = "<group>"; };
		5BE859C82030624900D1C8EC /* AnimationHandler.swift */ = {isa = PBXFileReference; lastKnownFileType = sourcecode.swift; path = AnimationHandler.swift; sourceTree = "<group>"; };
		5BFB4C912074B910009A3620 /* InputToolbar.swift */ = {isa = PBXFileReference; lastKnownFileType = sourcecode.swift; path = InputToolbar.swift; sourceTree = "<group>"; };
/* End PBXFileReference section */

/* Begin PBXFrameworksBuildPhase section */
		5BB187CB1FB87A6000AB3ABA /* Frameworks */ = {
			isa = PBXFrameworksBuildPhase;
			buildActionMask = 2147483647;
			files = (
			);
			runOnlyForDeploymentPostprocessing = 0;
		};
/* End PBXFrameworksBuildPhase section */

/* Begin PBXGroup section */
		5B0C376B201E3420000843F5 /* Handler */ = {
			isa = PBXGroup;
			children = (
				5BE859C82030624900D1C8EC /* AnimationHandler.swift */,
				5B8FC0E72074F9B90066ACEF /* AlertHandler.swift */,
				5BB7A76B201518CE00EF2A54 /* TextInputHandler.swift */,
				5BB7A76D2016527200EF2A54 /* DateTimeHandler.swift */,
				5B61547520237BC100F65E5B /* LayoutHandler.swift */,
				5B85E0EE203AE359002AC7E2 /* ReminderListHandler.swift */,
			);
			path = Handler;
			sourceTree = "<group>";
		};
		5B4C821E2028C63B008A4C96 /* Model */ = {
			isa = PBXGroup;
			children = (
				5B34DFF620769C4900661C25 /* DateTimeTextField.swift */,
				5B34DFF420769AF500661C25 /* TitleTextField.swift */,
				5B34DFF22076995300661C25 /* TextField.swift */,
				5BFB4C912074B910009A3620 /* InputToolbar.swift */,
				5B4C821C2028C633008A4C96 /* DefaultButton.swift */,
				5B84F8D020541270000A46E7 /* BackButton.swift */,
			);
			path = Model;
			sourceTree = "<group>";
		};
		5BB187C51FB87A6000AB3ABA = {
			isa = PBXGroup;
			children = (
				5BB187D01FB87A6000AB3ABA /* Longpops */,
				5BB187CF1FB87A6000AB3ABA /* Products */,
			);
			sourceTree = "<group>";
		};
		5BB187CF1FB87A6000AB3ABA /* Products */ = {
			isa = PBXGroup;
			children = (
				5BB187CE1FB87A6000AB3ABA /* Longpops.app */,
			);
			name = Products;
			sourceTree = "<group>";
		};
		5BB187D01FB87A6000AB3ABA /* Longpops */ = {
			isa = PBXGroup;
			children = (
				5BB187D11FB87A6000AB3ABA /* AppDelegate.swift */,
				5B4C821E2028C63B008A4C96 /* Model */,
				5B0C376B201E3420000843F5 /* Handler */,
				5BB7A7672013ED6900EF2A54 /* ViewController */,
				5BB7A7682013ED9400EF2A54 /* Resources */,
			);
			path = Longpops;
			sourceTree = "<group>";
		};
		5BB7A7672013ED6900EF2A54 /* ViewController */ = {
			isa = PBXGroup;
			children = (
				5BB187E31FBCD2E300AB3ABA /* AboutViewController.swift */,
				5BB7A7652013E25C00EF2A54 /* SettingsViewController.swift */,
				5B4C821820275D84008A4C96 /* IntroViewController.swift */,
				5BC04B1520533FCF006B705D /* TemplatePageViewController.swift */,
				5BE6EF2F200B676700AE14F2 /* TemplateViewController.swift */,
				5BB7A7692014BEDB00EF2A54 /* AdvancedTaskViewController.swift */,
			);
			path = ViewController;
			sourceTree = "<group>";
		};
		5BB7A7682013ED9400EF2A54 /* Resources */ = {
			isa = PBXGroup;
			children = (
				5B18861D201E3BEE00CC7669 /* Localizable.strings */,
				5BB187D81FB87A6000AB3ABA /* Assets.xcassets */,
				5BB187DA1FB87A6000AB3ABA /* LaunchScreen.storyboard */,
				5BB187DD1FB87A6000AB3ABA /* Info.plist */,
			);
			path = Resources;
			sourceTree = "<group>";
		};
/* End PBXGroup section */

/* Begin PBXNativeTarget section */
		5BB187CD1FB87A6000AB3ABA /* Longpops */ = {
			isa = PBXNativeTarget;
			buildConfigurationList = 5BB187E01FB87A6000AB3ABA /* Build configuration list for PBXNativeTarget "Longpops" */;
			buildPhases = (
				5BB187CA1FB87A6000AB3ABA /* Sources */,
				5BB187CB1FB87A6000AB3ABA /* Frameworks */,
				5BB187CC1FB87A6000AB3ABA /* Resources */,
			);
			buildRules = (
			);
			dependencies = (
			);
			name = Longpops;
			productName = Stickies;
			productReference = 5BB187CE1FB87A6000AB3ABA /* Longpops.app */;
			productType = "com.apple.product-type.application";
		};
/* End PBXNativeTarget section */

/* Begin PBXProject section */
		5BB187C61FB87A6000AB3ABA /* Project object */ = {
			isa = PBXProject;
			attributes = {
				LastSwiftUpdateCheck = 0910;
				LastUpgradeCheck = 0930;
				TargetAttributes = {
					5BB187CD1FB87A6000AB3ABA = {
						CreatedOnToolsVersion = 9.1;
						ProvisioningStyle = Automatic;
					};
				};
			};
			buildConfigurationList = 5BB187C91FB87A6000AB3ABA /* Build configuration list for PBXProject "Longpops" */;
			compatibilityVersion = "Xcode 8.0";
			developmentRegion = en;
			hasScannedForEncodings = 0;
			knownRegions = (
				en,
				Base,
				de,
			);
			mainGroup = 5BB187C51FB87A6000AB3ABA;
			productRefGroup = 5BB187CF1FB87A6000AB3ABA /* Products */;
			projectDirPath = "";
			projectRoot = "";
			targets = (
				5BB187CD1FB87A6000AB3ABA /* Longpops */,
			);
		};
/* End PBXProject section */

/* Begin PBXResourcesBuildPhase section */
		5BB187CC1FB87A6000AB3ABA /* Resources */ = {
			isa = PBXResourcesBuildPhase;
			buildActionMask = 2147483647;
			files = (
				5BB187DC1FB87A6000AB3ABA /* LaunchScreen.storyboard in Resources */,
				5BB187D91FB87A6000AB3ABA /* Assets.xcassets in Resources */,
				5B18861B201E3BEE00CC7669 /* Localizable.strings in Resources */,
			);
			runOnlyForDeploymentPostprocessing = 0;
		};
/* End PBXResourcesBuildPhase section */

/* Begin PBXSourcesBuildPhase section */
		5BB187CA1FB87A6000AB3ABA /* Sources */ = {
			isa = PBXSourcesBuildPhase;
			buildActionMask = 2147483647;
			files = (
				5B34DFF520769AF500661C25 /* TitleTextField.swift in Sources */,
				5BFB4C922074B910009A3620 /* InputToolbar.swift in Sources */,
				5BB187E41FBCD2E300AB3ABA /* AboutViewController.swift in Sources */,
				5B4C821D2028C633008A4C96 /* DefaultButton.swift in Sources */,
				5B61547620237BC100F65E5B /* LayoutHandler.swift in Sources */,
				5BB7A76E2016527200EF2A54 /* DateTimeHandler.swift in Sources */,
				5B34DFF720769C4900661C25 /* DateTimeTextField.swift in Sources */,
				5BE6EF30200B676700AE14F2 /* TemplateViewController.swift in Sources */,
				5B34DFF32076995300661C25 /* TextField.swift in Sources */,
				5B8FC0E82074F9B90066ACEF /* AlertHandler.swift in Sources */,
				5BB7A76C201518CE00EF2A54 /* TextInputHandler.swift in Sources */,
				5B84F8D120541270000A46E7 /* BackButton.swift in Sources */,
				5BB7A76A2014BEDB00EF2A54 /* AdvancedTaskViewController.swift in Sources */,
				5BC04B1620533FCF006B705D /* TemplatePageViewController.swift in Sources */,
				5BE859C92030624900D1C8EC /* AnimationHandler.swift in Sources */,
				5B85E0EF203AE359002AC7E2 /* ReminderListHandler.swift in Sources */,
				5B4C821920275D84008A4C96 /* IntroViewController.swift in Sources */,
				5BB187D21FB87A6000AB3ABA /* AppDelegate.swift in Sources */,
				5BB7A7662013E25C00EF2A54 /* SettingsViewController.swift in Sources */,
			);
			runOnlyForDeploymentPostprocessing = 0;
		};
/* End PBXSourcesBuildPhase section */

/* Begin PBXVariantGroup section */
		5B18861D201E3BEE00CC7669 /* Localizable.strings */ = {
			isa = PBXVariantGroup;
			children = (
				5B18861C201E3BEE00CC7669 /* en */,
				5B18861F201E3C3100CC7669 /* de */,
			);
			name = Localizable.strings;
			sourceTree = "<group>";
		};
		5BB187DA1FB87A6000AB3ABA /* LaunchScreen.storyboard */ = {
			isa = PBXVariantGroup;
			children = (
				5BB187DB1FB87A6000AB3ABA /* Base */,
			);
			name = LaunchScreen.storyboard;
			sourceTree = "<group>";
		};
/* End PBXVariantGroup section */

/* Begin XCBuildConfiguration section */
		5BB187DE1FB87A6000AB3ABA /* Debug */ = {
			isa = XCBuildConfiguration;
			buildSettings = {
				ALWAYS_SEARCH_USER_PATHS = NO;
				CLANG_ANALYZER_LOCALIZABILITY_NONLOCALIZED = YES;
				CLANG_ANALYZER_NONNULL = YES;
				CLANG_ANALYZER_NUMBER_OBJECT_CONVERSION = YES_AGGRESSIVE;
				CLANG_CXX_LANGUAGE_STANDARD = "gnu++14";
				CLANG_CXX_LIBRARY = "libc++";
				CLANG_ENABLE_MODULES = YES;
				CLANG_ENABLE_OBJC_ARC = YES;
				CLANG_WARN_BLOCK_CAPTURE_AUTORELEASING = YES;
				CLANG_WARN_BOOL_CONVERSION = YES;
				CLANG_WARN_COMMA = YES;
				CLANG_WARN_CONSTANT_CONVERSION = YES;
				CLANG_WARN_DEPRECATED_OBJC_IMPLEMENTATIONS = YES;
				CLANG_WARN_DIRECT_OBJC_ISA_USAGE = YES_ERROR;
				CLANG_WARN_DOCUMENTATION_COMMENTS = YES;
				CLANG_WARN_EMPTY_BODY = YES;
				CLANG_WARN_ENUM_CONVERSION = YES;
				CLANG_WARN_INFINITE_RECURSION = YES;
				CLANG_WARN_INT_CONVERSION = YES;
				CLANG_WARN_NON_LITERAL_NULL_CONVERSION = YES;
				CLANG_WARN_OBJC_IMPLICIT_RETAIN_SELF = YES;
				CLANG_WARN_OBJC_LITERAL_CONVERSION = YES;
				CLANG_WARN_OBJC_ROOT_CLASS = YES_ERROR;
				CLANG_WARN_RANGE_LOOP_ANALYSIS = YES;
				CLANG_WARN_STRICT_PROTOTYPES = YES;
				CLANG_WARN_SUSPICIOUS_MOVE = YES;
				CLANG_WARN_UNGUARDED_AVAILABILITY = YES_AGGRESSIVE;
				CLANG_WARN_UNREACHABLE_CODE = YES;
				CLANG_WARN__DUPLICATE_METHOD_MATCH = YES;
				CODE_SIGN_IDENTITY = "iPhone Developer";
				COPY_PHASE_STRIP = NO;
				DEBUG_INFORMATION_FORMAT = dwarf;
				ENABLE_STRICT_OBJC_MSGSEND = YES;
				ENABLE_TESTABILITY = YES;
				GCC_C_LANGUAGE_STANDARD = gnu11;
				GCC_DYNAMIC_NO_PIC = NO;
				GCC_NO_COMMON_BLOCKS = YES;
				GCC_OPTIMIZATION_LEVEL = 0;
				GCC_PREPROCESSOR_DEFINITIONS = (
					"DEBUG=1",
					"$(inherited)",
				);
				GCC_WARN_64_TO_32_BIT_CONVERSION = YES;
				GCC_WARN_ABOUT_RETURN_TYPE = YES_ERROR;
				GCC_WARN_UNDECLARED_SELECTOR = YES;
				GCC_WARN_UNINITIALIZED_AUTOS = YES_AGGRESSIVE;
				GCC_WARN_UNUSED_FUNCTION = YES;
				GCC_WARN_UNUSED_VARIABLE = YES;
				IPHONEOS_DEPLOYMENT_TARGET = 11.1;
				MTL_ENABLE_DEBUG_INFO = YES;
				ONLY_ACTIVE_ARCH = YES;
				SDKROOT = iphoneos;
				SWIFT_ACTIVE_COMPILATION_CONDITIONS = DEBUG;
				SWIFT_OPTIMIZATION_LEVEL = "-Onone";
			};
			name = Debug;
		};
		5BB187DF1FB87A6000AB3ABA /* Release */ = {
			isa = XCBuildConfiguration;
			buildSettings = {
				ALWAYS_SEARCH_USER_PATHS = NO;
				CLANG_ANALYZER_LOCALIZABILITY_NONLOCALIZED = YES;
				CLANG_ANALYZER_NONNULL = YES;
				CLANG_ANALYZER_NUMBER_OBJECT_CONVERSION = YES_AGGRESSIVE;
				CLANG_CXX_LANGUAGE_STANDARD = "gnu++14";
				CLANG_CXX_LIBRARY = "libc++";
				CLANG_ENABLE_MODULES = YES;
				CLANG_ENABLE_OBJC_ARC = YES;
				CLANG_WARN_BLOCK_CAPTURE_AUTORELEASING = YES;
				CLANG_WARN_BOOL_CONVERSION = YES;
				CLANG_WARN_COMMA = YES;
				CLANG_WARN_CONSTANT_CONVERSION = YES;
				CLANG_WARN_DEPRECATED_OBJC_IMPLEMENTATIONS = YES;
				CLANG_WARN_DIRECT_OBJC_ISA_USAGE = YES_ERROR;
				CLANG_WARN_DOCUMENTATION_COMMENTS = YES;
				CLANG_WARN_EMPTY_BODY = YES;
				CLANG_WARN_ENUM_CONVERSION = YES;
				CLANG_WARN_INFINITE_RECURSION = YES;
				CLANG_WARN_INT_CONVERSION = YES;
				CLANG_WARN_NON_LITERAL_NULL_CONVERSION = YES;
				CLANG_WARN_OBJC_IMPLICIT_RETAIN_SELF = YES;
				CLANG_WARN_OBJC_LITERAL_CONVERSION = YES;
				CLANG_WARN_OBJC_ROOT_CLASS = YES_ERROR;
				CLANG_WARN_RANGE_LOOP_ANALYSIS = YES;
				CLANG_WARN_STRICT_PROTOTYPES = YES;
				CLANG_WARN_SUSPICIOUS_MOVE = YES;
				CLANG_WARN_UNGUARDED_AVAILABILITY = YES_AGGRESSIVE;
				CLANG_WARN_UNREACHABLE_CODE = YES;
				CLANG_WARN__DUPLICATE_METHOD_MATCH = YES;
				CODE_SIGN_IDENTITY = "iPhone Developer";
				COPY_PHASE_STRIP = NO;
				DEBUG_INFORMATION_FORMAT = "dwarf-with-dsym";
				ENABLE_NS_ASSERTIONS = NO;
				ENABLE_STRICT_OBJC_MSGSEND = YES;
				GCC_C_LANGUAGE_STANDARD = gnu11;
				GCC_NO_COMMON_BLOCKS = YES;
				GCC_WARN_64_TO_32_BIT_CONVERSION = YES;
				GCC_WARN_ABOUT_RETURN_TYPE = YES_ERROR;
				GCC_WARN_UNDECLARED_SELECTOR = YES;
				GCC_WARN_UNINITIALIZED_AUTOS = YES_AGGRESSIVE;
				GCC_WARN_UNUSED_FUNCTION = YES;
				GCC_WARN_UNUSED_VARIABLE = YES;
				IPHONEOS_DEPLOYMENT_TARGET = 11.1;
				MTL_ENABLE_DEBUG_INFO = NO;
				SDKROOT = iphoneos;
				SWIFT_OPTIMIZATION_LEVEL = "-Owholemodule";
				VALIDATE_PRODUCT = YES;
			};
			name = Release;
		};
		5BB187E11FB87A6000AB3ABA /* Debug */ = {
			isa = XCBuildConfiguration;
			buildSettings = {
				ASSETCATALOG_COMPILER_APPICON_NAME = AppIcon;
				CODE_SIGN_STYLE = Automatic;
				DEVELOPMENT_TEAM = 4853CED358;
				INFOPLIST_FILE = Longpops/Resources/Info.plist;
				IPHONEOS_DEPLOYMENT_TARGET = 11.0;
				LD_RUNPATH_SEARCH_PATHS = "$(inherited) @executable_path/Frameworks";
				PRODUCT_BUNDLE_IDENTIFIER = com.martinlist.longpopsios;
				PRODUCT_NAME = "$(TARGET_NAME)";
				SWIFT_VERSION = 4.0;
				TARGETED_DEVICE_FAMILY = 1;
			};
			name = Debug;
		};
		5BB187E21FB87A6000AB3ABA /* Release */ = {
			isa = XCBuildConfiguration;
			buildSettings = {
				ASSETCATALOG_COMPILER_APPICON_NAME = AppIcon;
				CODE_SIGN_STYLE = Automatic;
				DEVELOPMENT_TEAM = 4853CED358;
				INFOPLIST_FILE = Longpops/Resources/Info.plist;
				IPHONEOS_DEPLOYMENT_TARGET = 11.0;
				LD_RUNPATH_SEARCH_PATHS = "$(inherited) @executable_path/Frameworks";
				PRODUCT_BUNDLE_IDENTIFIER = com.martinlist.longpopsios;
				PRODUCT_NAME = "$(TARGET_NAME)";
				SWIFT_VERSION = 4.0;
				TARGETED_DEVICE_FAMILY = 1;
			};
			name = Release;
		};
/* End XCBuildConfiguration section */

/* Begin XCConfigurationList section */
		5BB187C91FB87A6000AB3ABA /* Build configuration list for PBXProject "Longpops" */ = {
			isa = XCConfigurationList;
			buildConfigurations = (
				5BB187DE1FB87A6000AB3ABA /* Debug */,
				5BB187DF1FB87A6000AB3ABA /* Release */,
			);
			defaultConfigurationIsVisible = 0;
			defaultConfigurationName = Release;
		};
		5BB187E01FB87A6000AB3ABA /* Build configuration list for PBXNativeTarget "Longpops" */ = {
			isa = XCConfigurationList;
			buildConfigurations = (
				5BB187E11FB87A6000AB3ABA /* Debug */,
				5BB187E21FB87A6000AB3ABA /* Release */,
			);
			defaultConfigurationIsVisible = 0;
			defaultConfigurationName = Release;
		};
/* End XCConfigurationList section */
	};
	rootObject = 5BB187C61FB87A6000AB3ABA /* Project object */;
}
